
Microsoft Visual Studio Solution File, Format Version 12.00
# Visual Studio 15
VisualStudioVersion = 15.0.28307.329
MinimumVisualStudioVersion = 10.0.40219.1
Project("{D954291E-2A0B-460D-934E-DC6B0785DB48}") = "LineGame.Shared", "LineGame.Shared\LineGame.Shared.shproj", "{A0CDBD0E-3A41-42B7-9425-A838BC2C7383}"
EndProject
Project("{FAE04EC0-301F-11D3-BF4B-00C04F79EFBC}") = "LineGame.Windows", "LineGame.Windows\LineGame.Windows.csproj", "{154E33EB-279B-47B2-B9D1-584C2528FD56}"
EndProject
Project("{FAE04EC0-301F-11D3-BF4B-00C04F79EFBC}") = "LineGame.Android", "LineGame.Android\LineGame.Android.csproj", "{308D1E70-1CE1-4348-9FA4-DFB480551B01}"
EndProject
Global
	GlobalSection(SharedMSBuildProjectFiles) = preSolution
		LineGame.Shared\LineGame.Shared.projitems*{154e33eb-279b-47b2-b9d1-584c2528fd56}*SharedItemsImports = 4
		LineGame.Shared\LineGame.Shared.projitems*{308d1e70-1ce1-4348-9fa4-dfb480551b01}*SharedItemsImports = 4
		LineGame.Shared\LineGame.Shared.projitems*{a0cdbd0e-3a41-42b7-9425-a838bc2c7383}*SharedItemsImports = 13
	EndGlobalSection
	GlobalSection(SolutionConfigurationPlatforms) = preSolution
		Debug|Any CPU = Debug|Any CPU
		Debug|x86 = Debug|x86
		Release|Any CPU = Release|Any CPU
		Release|x86 = Release|x86
	EndGlobalSection
	GlobalSection(ProjectConfigurationPlatforms) = postSolution
		{154E33EB-279B-47B2-B9D1-584C2528FD56}.Debug|Any CPU.ActiveCfg = Debug|x86
		{154E33EB-279B-47B2-B9D1-584C2528FD56}.Debug|x86.ActiveCfg = Debug|x86
		{154E33EB-279B-47B2-B9D1-584C2528FD56}.Debug|x86.Build.0 = Debug|x86
		{154E33EB-279B-47B2-B9D1-584C2528FD56}.Release|Any CPU.ActiveCfg = Release|x86
		{154E33EB-279B-47B2-B9D1-584C2528FD56}.Release|x86.ActiveCfg = Release|x86
		{154E33EB-279B-47B2-B9D1-584C2528FD56}.Release|x86.Build.0 = Release|x86
		{308D1E70-1CE1-4348-9FA4-DFB480551B01}.Debug|Any CPU.ActiveCfg = Debug|Any CPU
		{308D1E70-1CE1-4348-9FA4-DFB480551B01}.Debug|Any CPU.Build.0 = Debug|Any CPU
		{308D1E70-1CE1-4348-9FA4-DFB480551B01}.Debug|Any CPU.Deploy.0 = Debug|Any CPU
		{308D1E70-1CE1-4348-9FA4-DFB480551B01}.Debug|x86.ActiveCfg = Debug|Any CPU
		{308D1E70-1CE1-4348-9FA4-DFB480551B01}.Debug|x86.Build.0 = Debug|Any CPU
		{308D1E70-1CE1-4348-9FA4-DFB480551B01}.Debug|x86.Deploy.0 = Debug|Any CPU
		{308D1E70-1CE1-4348-9FA4-DFB480551B01}.Release|Any CPU.ActiveCfg = Release|Any CPU
		{308D1E70-1CE1-4348-9FA4-DFB480551B01}.Release|Any CPU.Build.0 = Release|Any CPU
		{308D1E70-1CE1-4348-9FA4-DFB480551B01}.Release|Any CPU.Deploy.0 = Release|Any CPU
		{308D1E70-1CE1-4348-9FA4-DFB480551B01}.Release|x86.ActiveCfg = Release|Any CPU
		{308D1E70-1CE1-4348-9FA4-DFB480551B01}.Release|x86.Build.0 = Release|Any CPU
		{308D1E70-1CE1-4348-9FA4-DFB480551B01}.Release|x86.Deploy.0 = Release|Any CPU
	EndGlobalSection
	GlobalSection(SolutionProperties) = preSolution
		HideSolutionNode = FALSE
	EndGlobalSection
	GlobalSection(ExtensibilityGlobals) = postSolution
		SolutionGuid = {0D6801B5-BDA1-4B2B-9026-A6A5316DBB52}
	EndGlobalSection
EndGlobal
